
Microsoft Visual Studio Solution File, Format Version 11.00
# Visual Studio 2010
Project("{8BC9CEB8-8B4A-11D0-8D11-00A0C91BC942}") = "BinaryTree", "BinTree_LCA\BinTree_LCA.vcxproj", "{06010ACD-B99C-4008-8387-4CABA36CEADB}"
EndProject
Project("{8BC9CEB8-8B4A-11D0-8D11-00A0C91BC942}") = "MS_SpaceProcess", "MS_SpaceProcess\MS_SpaceProcess.vcxproj", "{7C1A0A54-0E76-4424-B90A-A57828EF2613}"
EndProject
Project("{8BC9CEB8-8B4A-11D0-8D11-00A0C91BC942}") = "Shot", "Shot\Shot.vcxproj", "{65852DF5-04A3-4C81-85DD-BE6F09B50080}"
EndProject
Project("{8BC9CEB8-8B4A-11D0-8D11-00A0C91BC942}") = "STL", "STL\STL.vcxproj", "{6EC09BB8-B5A5-40EF-91F6-3F8B35A372DA}"
EndProject
Project("{8BC9CEB8-8B4A-11D0-8D11-00A0C91BC942}") = "HashMap", "HashMap\HashMap.vcxproj", "{4170A05C-1EF0-4179-90D7-6B30081E457B}"
EndProject
Project("{8BC9CEB8-8B4A-11D0-8D11-00A0C91BC942}") = "ThreeColorFlags", "ThreeColorFlags\ThreeColorFlags.vcxproj", "{B3FAD5FF-8B24-47C2-A72A-8837A9447EC0}"
EndProject
Project("{8BC9CEB8-8B4A-11D0-8D11-00A0C91BC942}") = "ACM_Entrance_WhiteBook_ch2", "ACM_Entrance_WhiteBook_ch2\ACM_Entrance_WhiteBook_ch2.vcxproj", "{23AF5777-424C-44DB-9D7E-D56E37CBC22E}"
EndProject
Project("{8BC9CEB8-8B4A-11D0-8D11-00A0C91BC942}") = "ACM_Entrance_WhiteBook_ch3", "ACM_Entrance_WhiteBook_ch3\ACM_Entrance_WhiteBook_ch3.vcxproj", "{F5EC4CF0-3D3A-44AD-A353-2F120623FFDC}"
EndProject
Project("{8BC9CEB8-8B4A-11D0-8D11-00A0C91BC942}") = "ACM_Entrance_WhiteBook_ch5", "ACM_Entrance_WhiteBook_ch5\ACM_Entrance_WhiteBook_ch5.vcxproj", "{9216DCD4-F17E-447A-8488-34EE45985B64}"
EndProject
Project("{8BC9CEB8-8B4A-11D0-8D11-00A0C91BC942}") = "ACM_Entrance_WhiteBook_ch6", "ACM_Entrance_WhiteBook_ch6\ACM_Entrance_WhiteBook_ch6.vcxproj", "{E863AD56-4FB5-4292-937E-A55547D58C34}"
EndProject
Project("{8BC9CEB8-8B4A-11D0-8D11-00A0C91BC942}") = "2012_3_15_algri_on_kindle", "2012_3_15_algri_on_kindle\2012_3_15_algri_on_kindle.vcxproj", "{5328BF0F-461E-4D49-A3A1-B86AC77740CF}"
EndProject
Project("{8BC9CEB8-8B4A-11D0-8D11-00A0C91BC942}") = "trial", "trial\trial.vcxproj", "{06B14658-9D90-4EB8-9183-8EB61445CDF1}"
EndProject
Project("{8BC9CEB8-8B4A-11D0-8D11-00A0C91BC942}") = "TAOPP_Study", "TAOPP_Study\TAOPP_Study.vcxproj", "{4AA6479A-87C2-41B0-842F-B35484211404}"
EndProject
Project("{8BC9CEB8-8B4A-11D0-8D11-00A0C91BC942}") = "InterviewBible", "InterviewBible\InterviewBible.vcxproj", "{5711491E-2C37-43FE-99C3-9710AF01956D}"
EndProject
Project("{2150E333-8FDC-42A3-9474-1A3956D46DE8}") = "BeautyOfProgramming", "BeautyOfProgramming", "{5143E565-6D28-4F9A-B77D-A1C214B3698B}"
EndProject
Project("{8BC9CEB8-8B4A-11D0-8D11-00A0C91BC942}") = "BOP_Chapter1_Games", "BOP_Chapter1_Games\BOP_Chapter1_Games.vcxproj", "{C2F90B0D-CB9C-4D63-A78A-D26964848634}"
EndProject
Project("{2150E333-8FDC-42A3-9474-1A3956D46DE8}") = "ACM", "ACM", "{CAFEDB5C-51EF-4599-8B67-22198D038EA8}"
EndProject
Project("{8BC9CEB8-8B4A-11D0-8D11-00A0C91BC942}") = "POJ", "POJ\POJ.vcxproj", "{9A06F6E8-E0FA-4CE1-A25F-20F778CCEEBB}"
EndProject
Project("{8BC9CEB8-8B4A-11D0-8D11-00A0C91BC942}") = "HDU", "HDU\HDU.vcxproj", "{E88D1B24-6BDF-47C1-8CE4-B899A0D449FE}"
EndProject
Project("{8BC9CEB8-8B4A-11D0-8D11-00A0C91BC942}") = "leetcode.com", "leetcode.com\leetcode.com.vcxproj", "{83D58941-5793-4A90-B873-E623D6D3BEAE}"
EndProject
Project("{8BC9CEB8-8B4A-11D0-8D11-00A0C91BC942}") = "InterviewStreet", "InterviewStreet\InterviewStreet.vcxproj", "{219CAAC4-DD01-4A50-AEAF-55DF2E60AE39}"
EndProject
Project("{8BC9CEB8-8B4A-11D0-8D11-00A0C91BC942}") = "51weixue", "51weixue\51weixue.vcxproj", "{C835F720-EF0E-4765-A9B6-CCB3C5D9F121}"
EndProject
Project("{8BC9CEB8-8B4A-11D0-8D11-00A0C91BC942}") = "hero.pongo.cn", "hero.pongo.cn\hero.pongo.cn.vcxproj", "{28B36658-4FD5-491A-8AE2-9F50C50953E9}"
EndProject
Project("{8BC9CEB8-8B4A-11D0-8D11-00A0C91BC942}") = "Interview_Questions_400", "Interview_Questions_400\Interview_Questions_400.vcxproj", "{4EFA8EDA-B8C7-48EC-8D97-2B5D2067B0E9}"
EndProject
Global
	GlobalSection(SolutionConfigurationPlatforms) = preSolution
		Debug|Win32 = Debug|Win32
		Release|Win32 = Release|Win32
	EndGlobalSection
	GlobalSection(ProjectConfigurationPlatforms) = postSolution
		{06010ACD-B99C-4008-8387-4CABA36CEADB}.Debug|Win32.ActiveCfg = Debug|Win32
		{06010ACD-B99C-4008-8387-4CABA36CEADB}.Debug|Win32.Build.0 = Debug|Win32
		{06010ACD-B99C-4008-8387-4CABA36CEADB}.Release|Win32.ActiveCfg = Release|Win32
		{06010ACD-B99C-4008-8387-4CABA36CEADB}.Release|Win32.Build.0 = Release|Win32
		{7C1A0A54-0E76-4424-B90A-A57828EF2613}.Debug|Win32.ActiveCfg = Debug|Win32
		{7C1A0A54-0E76-4424-B90A-A57828EF2613}.Debug|Win32.Build.0 = Debug|Win32
		{7C1A0A54-0E76-4424-B90A-A57828EF2613}.Release|Win32.ActiveCfg = Release|Win32
		{7C1A0A54-0E76-4424-B90A-A57828EF2613}.Release|Win32.Build.0 = Release|Win32
		{65852DF5-04A3-4C81-85DD-BE6F09B50080}.Debug|Win32.ActiveCfg = Debug|Win32
		{65852DF5-04A3-4C81-85DD-BE6F09B50080}.Debug|Win32.Build.0 = Debug|Win32
		{65852DF5-04A3-4C81-85DD-BE6F09B50080}.Release|Win32.ActiveCfg = Release|Win32
		{65852DF5-04A3-4C81-85DD-BE6F09B50080}.Release|Win32.Build.0 = Release|Win32
		{6EC09BB8-B5A5-40EF-91F6-3F8B35A372DA}.Debug|Win32.ActiveCfg = Debug|Win32
		{6EC09BB8-B5A5-40EF-91F6-3F8B35A372DA}.Debug|Win32.Build.0 = Debug|Win32
		{6EC09BB8-B5A5-40EF-91F6-3F8B35A372DA}.Release|Win32.ActiveCfg = Release|Win32
		{6EC09BB8-B5A5-40EF-91F6-3F8B35A372DA}.Release|Win32.Build.0 = Release|Win32
		{4170A05C-1EF0-4179-90D7-6B30081E457B}.Debug|Win32.ActiveCfg = Debug|Win32
		{4170A05C-1EF0-4179-90D7-6B30081E457B}.Debug|Win32.Build.0 = Debug|Win32
		{4170A05C-1EF0-4179-90D7-6B30081E457B}.Release|Win32.ActiveCfg = Release|Win32
		{4170A05C-1EF0-4179-90D7-6B30081E457B}.Release|Win32.Build.0 = Release|Win32
		{B3FAD5FF-8B24-47C2-A72A-8837A9447EC0}.Debug|Win32.ActiveCfg = Debug|Win32
		{B3FAD5FF-8B24-47C2-A72A-8837A9447EC0}.Debug|Win32.Build.0 = Debug|Win32
		{B3FAD5FF-8B24-47C2-A72A-8837A9447EC0}.Release|Win32.ActiveCfg = Release|Win32
		{B3FAD5FF-8B24-47C2-A72A-8837A9447EC0}.Release|Win32.Build.0 = Release|Win32
		{23AF5777-424C-44DB-9D7E-D56E37CBC22E}.Debug|Win32.ActiveCfg = Debug|Win32
		{23AF5777-424C-44DB-9D7E-D56E37CBC22E}.Debug|Win32.Build.0 = Debug|Win32
		{23AF5777-424C-44DB-9D7E-D56E37CBC22E}.Release|Win32.ActiveCfg = Release|Win32
		{23AF5777-424C-44DB-9D7E-D56E37CBC22E}.Release|Win32.Build.0 = Release|Win32
		{F5EC4CF0-3D3A-44AD-A353-2F120623FFDC}.Debug|Win32.ActiveCfg = Debug|Win32
		{F5EC4CF0-3D3A-44AD-A353-2F120623FFDC}.Debug|Win32.Build.0 = Debug|Win32
		{F5EC4CF0-3D3A-44AD-A353-2F120623FFDC}.Release|Win32.ActiveCfg = Release|Win32
		{F5EC4CF0-3D3A-44AD-A353-2F120623FFDC}.Release|Win32.Build.0 = Release|Win32
		{9216DCD4-F17E-447A-8488-34EE45985B64}.Debug|Win32.ActiveCfg = Debug|Win32
		{9216DCD4-F17E-447A-8488-34EE45985B64}.Debug|Win32.Build.0 = Debug|Win32
		{9216DCD4-F17E-447A-8488-34EE45985B64}.Release|Win32.ActiveCfg = Release|Win32
		{9216DCD4-F17E-447A-8488-34EE45985B64}.Release|Win32.Build.0 = Release|Win32
		{E863AD56-4FB5-4292-937E-A55547D58C34}.Debug|Win32.ActiveCfg = Debug|Win32
		{E863AD56-4FB5-4292-937E-A55547D58C34}.Debug|Win32.Build.0 = Debug|Win32
		{E863AD56-4FB5-4292-937E-A55547D58C34}.Release|Win32.ActiveCfg = Release|Win32
		{E863AD56-4FB5-4292-937E-A55547D58C34}.Release|Win32.Build.0 = Release|Win32
		{5328BF0F-461E-4D49-A3A1-B86AC77740CF}.Debug|Win32.ActiveCfg = Debug|Win32
		{5328BF0F-461E-4D49-A3A1-B86AC77740CF}.Debug|Win32.Build.0 = Debug|Win32
		{5328BF0F-461E-4D49-A3A1-B86AC77740CF}.Release|Win32.ActiveCfg = Release|Win32
		{5328BF0F-461E-4D49-A3A1-B86AC77740CF}.Release|Win32.Build.0 = Release|Win32
		{06B14658-9D90-4EB8-9183-8EB61445CDF1}.Debug|Win32.ActiveCfg = Debug|Win32
		{06B14658-9D90-4EB8-9183-8EB61445CDF1}.Debug|Win32.Build.0 = Debug|Win32
		{06B14658-9D90-4EB8-9183-8EB61445CDF1}.Release|Win32.ActiveCfg = Release|Win32
		{06B14658-9D90-4EB8-9183-8EB61445CDF1}.Release|Win32.Build.0 = Release|Win32
		{4AA6479A-87C2-41B0-842F-B35484211404}.Debug|Win32.ActiveCfg = Debug|Win32
		{4AA6479A-87C2-41B0-842F-B35484211404}.Debug|Win32.Build.0 = Debug|Win32
		{4AA6479A-87C2-41B0-842F-B35484211404}.Release|Win32.ActiveCfg = Release|Win32
		{4AA6479A-87C2-41B0-842F-B35484211404}.Release|Win32.Build.0 = Release|Win32
		{5711491E-2C37-43FE-99C3-9710AF01956D}.Debug|Win32.ActiveCfg = Debug|Win32
		{5711491E-2C37-43FE-99C3-9710AF01956D}.Debug|Win32.Build.0 = Debug|Win32
		{5711491E-2C37-43FE-99C3-9710AF01956D}.Release|Win32.ActiveCfg = Release|Win32
		{5711491E-2C37-43FE-99C3-9710AF01956D}.Release|Win32.Build.0 = Release|Win32
		{C2F90B0D-CB9C-4D63-A78A-D26964848634}.Debug|Win32.ActiveCfg = Debug|Win32
		{C2F90B0D-CB9C-4D63-A78A-D26964848634}.Debug|Win32.Build.0 = Debug|Win32
		{C2F90B0D-CB9C-4D63-A78A-D26964848634}.Release|Win32.ActiveCfg = Release|Win32
		{C2F90B0D-CB9C-4D63-A78A-D26964848634}.Release|Win32.Build.0 = Release|Win32
		{9A06F6E8-E0FA-4CE1-A25F-20F778CCEEBB}.Debug|Win32.ActiveCfg = Debug|Win32
		{9A06F6E8-E0FA-4CE1-A25F-20F778CCEEBB}.Debug|Win32.Build.0 = Debug|Win32
		{9A06F6E8-E0FA-4CE1-A25F-20F778CCEEBB}.Release|Win32.ActiveCfg = Release|Win32
		{9A06F6E8-E0FA-4CE1-A25F-20F778CCEEBB}.Release|Win32.Build.0 = Release|Win32
		{E88D1B24-6BDF-47C1-8CE4-B899A0D449FE}.Debug|Win32.ActiveCfg = Debug|Win32
		{E88D1B24-6BDF-47C1-8CE4-B899A0D449FE}.Debug|Win32.Build.0 = Debug|Win32
		{E88D1B24-6BDF-47C1-8CE4-B899A0D449FE}.Release|Win32.ActiveCfg = Release|Win32
		{E88D1B24-6BDF-47C1-8CE4-B899A0D449FE}.Release|Win32.Build.0 = Release|Win32
		{83D58941-5793-4A90-B873-E623D6D3BEAE}.Debug|Win32.ActiveCfg = Debug|Win32
		{83D58941-5793-4A90-B873-E623D6D3BEAE}.Debug|Win32.Build.0 = Debug|Win32
		{83D58941-5793-4A90-B873-E623D6D3BEAE}.Release|Win32.ActiveCfg = Release|Win32
		{83D58941-5793-4A90-B873-E623D6D3BEAE}.Release|Win32.Build.0 = Release|Win32
		{219CAAC4-DD01-4A50-AEAF-55DF2E60AE39}.Debug|Win32.ActiveCfg = Debug|Win32
		{219CAAC4-DD01-4A50-AEAF-55DF2E60AE39}.Debug|Win32.Build.0 = Debug|Win32
		{219CAAC4-DD01-4A50-AEAF-55DF2E60AE39}.Release|Win32.ActiveCfg = Release|Win32
		{219CAAC4-DD01-4A50-AEAF-55DF2E60AE39}.Release|Win32.Build.0 = Release|Win32
		{C835F720-EF0E-4765-A9B6-CCB3C5D9F121}.Debug|Win32.ActiveCfg = Debug|Win32
		{C835F720-EF0E-4765-A9B6-CCB3C5D9F121}.Debug|Win32.Build.0 = Debug|Win32
		{C835F720-EF0E-4765-A9B6-CCB3C5D9F121}.Release|Win32.ActiveCfg = Release|Win32
		{C835F720-EF0E-4765-A9B6-CCB3C5D9F121}.Release|Win32.Build.0 = Release|Win32
		{28B36658-4FD5-491A-8AE2-9F50C50953E9}.Debug|Win32.ActiveCfg = Debug|Win32
		{28B36658-4FD5-491A-8AE2-9F50C50953E9}.Debug|Win32.Build.0 = Debug|Win32
		{28B36658-4FD5-491A-8AE2-9F50C50953E9}.Release|Win32.ActiveCfg = Release|Win32
		{28B36658-4FD5-491A-8AE2-9F50C50953E9}.Release|Win32.Build.0 = Release|Win32
		{4EFA8EDA-B8C7-48EC-8D97-2B5D2067B0E9}.Debug|Win32.ActiveCfg = Debug|Win32
		{4EFA8EDA-B8C7-48EC-8D97-2B5D2067B0E9}.Debug|Win32.Build.0 = Debug|Win32
		{4EFA8EDA-B8C7-48EC-8D97-2B5D2067B0E9}.Release|Win32.ActiveCfg = Release|Win32
		{4EFA8EDA-B8C7-48EC-8D97-2B5D2067B0E9}.Release|Win32.Build.0 = Release|Win32
	EndGlobalSection
	GlobalSection(SolutionProperties) = preSolution
		HideSolutionNode = FALSE
	EndGlobalSection
	GlobalSection(NestedProjects) = preSolution
		{C2F90B0D-CB9C-4D63-A78A-D26964848634} = {5143E565-6D28-4F9A-B77D-A1C214B3698B}
		{9A06F6E8-E0FA-4CE1-A25F-20F778CCEEBB} = {CAFEDB5C-51EF-4599-8B67-22198D038EA8}
		{E88D1B24-6BDF-47C1-8CE4-B899A0D449FE} = {CAFEDB5C-51EF-4599-8B67-22198D038EA8}
	EndGlobalSection
EndGlobal
